
Microsoft Visual Studio Solution File, Format Version 12.00
# Visual Studio 2012
Project("{FAE04EC0-301F-11D3-BF4B-00C04F79EFBC}") = "ZooKeper", "ZooKeper\ZooKeper.csproj", "{05085FE4-C9F2-47C4-B176-8E84AB8AFBBD}"
EndProject
Project("{FAE04EC0-301F-11D3-BF4B-00C04F79EFBC}") = "ZooKeper.Tests", "ZooKeper.Tests\ZooKeper.Tests.csproj", "{8A8AFB31-6A58-444D-A2C7-7951D419EBD4}"
EndProject
Global
	GlobalSection(SolutionConfigurationPlatforms) = preSolution
		Debug|Any CPU = Debug|Any CPU
		Release|Any CPU = Release|Any CPU
	EndGlobalSection
	GlobalSection(ProjectConfigurationPlatforms) = postSolution
		{05085FE4-C9F2-47C4-B176-8E84AB8AFBBD}.Debug|Any CPU.ActiveCfg = Debug|Any CPU
		{05085FE4-C9F2-47C4-B176-8E84AB8AFBBD}.Debug|Any CPU.Build.0 = Debug|Any CPU
		{05085FE4-C9F2-47C4-B176-8E84AB8AFBBD}.Release|Any CPU.ActiveCfg = Release|Any CPU
		{05085FE4-C9F2-47C4-B176-8E84AB8AFBBD}.Release|Any CPU.Build.0 = Release|Any CPU
		{8A8AFB31-6A58-444D-A2C7-7951D419EBD4}.Debug|Any CPU.ActiveCfg = Debug|Any CPU
		{8A8AFB31-6A58-444D-A2C7-7951D419EBD4}.Debug|Any CPU.Build.0 = Debug|Any CPU
		{8A8AFB31-6A58-444D-A2C7-7951D419EBD4}.Release|Any CPU.ActiveCfg = Release|Any CPU
		{8A8AFB31-6A58-444D-A2C7-7951D419EBD4}.Release|Any CPU.Build.0 = Release|Any CPU
	EndGlobalSection
EndGlobal
